
Microsoft Visual Studio Solution File, Format Version 12.00
# Visual Studio 14
VisualStudioVersion = 14.0.25420.1
MinimumVisualStudioVersion = 10.0.40219.1
Project("{FAE04EC0-301F-11D3-BF4B-00C04F79EFBC}") = "MVC8amTigerBatch_09_07_2021", "MVC8amTigerBatch_09_07_2021\MVC8amTigerBatch_09_07_2021.csproj", "{6211539E-963A-487C-8E30-B758E1302594}"
	ProjectSection(ProjectDependencies) = postProject
		{2DD9D5AB-A096-4FB0-8F34-0B3C70E605CA} = {2DD9D5AB-A096-4FB0-8F34-0B3C70E605CA}
		{C88CE9AF-18FE-445A-99F2-CFF25B3D362A} = {C88CE9AF-18FE-445A-99F2-CFF25B3D362A}
	EndProjectSection
EndProject
Project("{FAE04EC0-301F-11D3-BF4B-00C04F79EFBC}") = "ADO_DotNetExample", "ADO_DotNetExample\ADO_DotNetExample.csproj", "{737C3622-6DE0-471F-8188-E35972610AE5}"
EndProject
Project("{FAE04EC0-301F-11D3-BF4B-00C04F79EFBC}") = "DataBasedApproach", "DataBasedApproach\DataBasedApproach.csproj", "{15EE3E66-A9FF-4572-8C1A-13644398E977}"
EndProject
Project("{FAE04EC0-301F-11D3-BF4B-00C04F79EFBC}") = "CodeFirstApproach", "CodeFirstApproach\CodeFirstApproach.csproj", "{F911E5A1-0287-458A-A512-5837C01330C0}"
EndProject
Project("{FAE04EC0-301F-11D3-BF4B-00C04F79EFBC}") = "ModelFirstApproach", "ModelFirstApproach\ModelFirstApproach.csproj", "{DD78D073-E6CC-4469-9EBA-A360756343B8}"
EndProject
Project("{FAE04EC0-301F-11D3-BF4B-00C04F79EFBC}") = "WebServiceExmple", "WebServiceExmple\WebServiceExmple.csproj", "{C88CE9AF-18FE-445A-99F2-CFF25B3D362A}"
EndProject
Project("{FAE04EC0-301F-11D3-BF4B-00C04F79EFBC}") = "WCFServiceExample", "WCFServiceExample\WCFServiceExample.csproj", "{2DD9D5AB-A096-4FB0-8F34-0B3C70E605CA}"
EndProject
Project("{FAE04EC0-301F-11D3-BF4B-00C04F79EFBC}") = "WCFServiceApplication", "WCFServiceApplication\WCFServiceApplication.csproj", "{04FB5567-8A19-4E12-8333-FDCB90CE8918}"
EndProject
Project("{FAE04EC0-301F-11D3-BF4B-00C04F79EFBC}") = "WebApi", "WebApi\WebApi.csproj", "{FD93FA35-FCA6-4082-A809-30C53B73EDEE}"
EndProject
Project("{FAE04EC0-301F-11D3-BF4B-00C04F79EFBC}") = "WebApi2", "WebApi2\WebApi2.csproj", "{EF264C58-3F7A-468E-A9F0-1602830DC636}"
EndProject
Global
	GlobalSection(SolutionConfigurationPlatforms) = preSolution
		Debug|Any CPU = Debug|Any CPU
		Release|Any CPU = Release|Any CPU
	EndGlobalSection
	GlobalSection(ProjectConfigurationPlatforms) = postSolution
		{6211539E-963A-487C-8E30-B758E1302594}.Debug|Any CPU.ActiveCfg = Debug|Any CPU
		{6211539E-963A-487C-8E30-B758E1302594}.Debug|Any CPU.Build.0 = Debug|Any CPU
		{6211539E-963A-487C-8E30-B758E1302594}.Release|Any CPU.ActiveCfg = Release|Any CPU
		{6211539E-963A-487C-8E30-B758E1302594}.Release|Any CPU.Build.0 = Release|Any CPU
		{737C3622-6DE0-471F-8188-E35972610AE5}.Debug|Any CPU.ActiveCfg = Debug|Any CPU
		{737C3622-6DE0-471F-8188-E35972610AE5}.Debug|Any CPU.Build.0 = Debug|Any CPU
		{737C3622-6DE0-471F-8188-E35972610AE5}.Release|Any CPU.ActiveCfg = Release|Any CPU
		{737C3622-6DE0-471F-8188-E35972610AE5}.Release|Any CPU.Build.0 = Release|Any CPU
		{15EE3E66-A9FF-4572-8C1A-13644398E977}.Debug|Any CPU.ActiveCfg = Debug|Any CPU
		{15EE3E66-A9FF-4572-8C1A-13644398E977}.Debug|Any CPU.Build.0 = Debug|Any CPU
		{15EE3E66-A9FF-4572-8C1A-13644398E977}.Release|Any CPU.ActiveCfg = Release|Any CPU
		{15EE3E66-A9FF-4572-8C1A-13644398E977}.Release|Any CPU.Build.0 = Release|Any CPU
		{F911E5A1-0287-458A-A512-5837C01330C0}.Debug|Any CPU.ActiveCfg = Debug|Any CPU
		{F911E5A1-0287-458A-A512-5837C01330C0}.Debug|Any CPU.Build.0 = Debug|Any CPU
		{F911E5A1-0287-458A-A512-5837C01330C0}.Release|Any CPU.ActiveCfg = Release|Any CPU
		{F911E5A1-0287-458A-A512-5837C01330C0}.Release|Any CPU.Build.0 = Release|Any CPU
		{DD78D073-E6CC-4469-9EBA-A360756343B8}.Debug|Any CPU.ActiveCfg = Debug|Any CPU
		{DD78D073-E6CC-4469-9EBA-A360756343B8}.Debug|Any CPU.Build.0 = Debug|Any CPU
		{DD78D073-E6CC-4469-9EBA-A360756343B8}.Release|Any CPU.ActiveCfg = Release|Any CPU
		{DD78D073-E6CC-4469-9EBA-A360756343B8}.Release|Any CPU.Build.0 = Release|Any CPU
		{C88CE9AF-18FE-445A-99F2-CFF25B3D362A}.Debug|Any CPU.ActiveCfg = Debug|Any CPU
		{C88CE9AF-18FE-445A-99F2-CFF25B3D362A}.Debug|Any CPU.Build.0 = Debug|Any CPU
		{C88CE9AF-18FE-445A-99F2-CFF25B3D362A}.Release|Any CPU.ActiveCfg = Release|Any CPU
		{C88CE9AF-18FE-445A-99F2-CFF25B3D362A}.Release|Any CPU.Build.0 = Release|Any CPU
		{2DD9D5AB-A096-4FB0-8F34-0B3C70E605CA}.Debug|Any CPU.ActiveCfg = Debug|Any CPU
		{2DD9D5AB-A096-4FB0-8F34-0B3C70E605CA}.Debug|Any CPU.Build.0 = Debug|Any CPU
		{2DD9D5AB-A096-4FB0-8F34-0B3C70E605CA}.Release|Any CPU.ActiveCfg = Release|Any CPU
		{2DD9D5AB-A096-4FB0-8F34-0B3C70E605CA}.Release|Any CPU.Build.0 = Release|Any CPU
		{04FB5567-8A19-4E12-8333-FDCB90CE8918}.Debug|Any CPU.ActiveCfg = Debug|Any CPU
		{04FB5567-8A19-4E12-8333-FDCB90CE8918}.Debug|Any CPU.Build.0 = Debug|Any CPU
		{04FB5567-8A19-4E12-8333-FDCB90CE8918}.Release|Any CPU.ActiveCfg = Release|Any CPU
		{04FB5567-8A19-4E12-8333-FDCB90CE8918}.Release|Any CPU.Build.0 = Release|Any CPU
		{FD93FA35-FCA6-4082-A809-30C53B73EDEE}.Debug|Any CPU.ActiveCfg = Debug|Any CPU
		{FD93FA35-FCA6-4082-A809-30C53B73EDEE}.Debug|Any CPU.Build.0 = Debug|Any CPU
		{FD93FA35-FCA6-4082-A809-30C53B73EDEE}.Release|Any CPU.ActiveCfg = Release|Any CPU
		{FD93FA35-FCA6-4082-A809-30C53B73EDEE}.Release|Any CPU.Build.0 = Release|Any CPU
		{EF264C58-3F7A-468E-A9F0-1602830DC636}.Debug|Any CPU.ActiveCfg = Debug|Any CPU
		{EF264C58-3F7A-468E-A9F0-1602830DC636}.Debug|Any CPU.Build.0 = Debug|Any CPU
		{EF264C58-3F7A-468E-A9F0-1602830DC636}.Release|Any CPU.ActiveCfg = Release|Any CPU
		{EF264C58-3F7A-468E-A9F0-1602830DC636}.Release|Any CPU.Build.0 = Release|Any CPU
	EndGlobalSection
	GlobalSection(SolutionProperties) = preSolution
		HideSolutionNode = FALSE
	EndGlobalSection
EndGlobal
