
Microsoft Visual Studio Solution File, Format Version 12.00
# Visual Studio 14
VisualStudioVersion = 14.0.25420.1
MinimumVisualStudioVersion = 10.0.40219.1
Project("{FAE04EC0-301F-11D3-BF4B-00C04F79EFBC}") = "MVC8amTigerBatch_09_07_2021", "MVC8amTigerBatch_09_07_2021\MVC8amTigerBatch_09_07_2021.csproj", "{6211539E-963A-487C-8E30-B758E1302594}"
EndProject
Project("{FAE04EC0-301F-11D3-BF4B-00C04F79EFBC}") = "ADO_DotNetExample", "ADO_DotNetExample\ADO_DotNetExample.csproj", "{737C3622-6DE0-471F-8188-E35972610AE5}"
EndProject
Project("{FAE04EC0-301F-11D3-BF4B-00C04F79EFBC}") = "DataBasedApproach", "DataBasedApproach\DataBasedApproach.csproj", "{15EE3E66-A9FF-4572-8C1A-13644398E977}"
EndProject
Project("{FAE04EC0-301F-11D3-BF4B-00C04F79EFBC}") = "CodeFirstApproach", "CodeFirstApproach\CodeFirstApproach.csproj", "{F911E5A1-0287-458A-A512-5837C01330C0}"
EndProject
Project("{FAE04EC0-301F-11D3-BF4B-00C04F79EFBC}") = "ModelFirstApproach", "ModelFirstApproach\ModelFirstApproach.csproj", "{DD78D073-E6CC-4469-9EBA-A360756343B8}"
EndProject
Global
	GlobalSection(SolutionConfigurationPlatforms) = preSolution
		Debug|Any CPU = Debug|Any CPU
		Release|Any CPU = Release|Any CPU
	EndGlobalSection
	GlobalSection(ProjectConfigurationPlatforms) = postSolution
		{6211539E-963A-487C-8E30-B758E1302594}.Debug|Any CPU.ActiveCfg = Debug|Any CPU
		{6211539E-963A-487C-8E30-B758E1302594}.Debug|Any CPU.Build.0 = Debug|Any CPU
		{6211539E-963A-487C-8E30-B758E1302594}.Release|Any CPU.ActiveCfg = Release|Any CPU
		{6211539E-963A-487C-8E30-B758E1302594}.Release|Any CPU.Build.0 = Release|Any CPU
		{737C3622-6DE0-471F-8188-E35972610AE5}.Debug|Any CPU.ActiveCfg = Debug|Any CPU
		{737C3622-6DE0-471F-8188-E35972610AE5}.Debug|Any CPU.Build.0 = Debug|Any CPU
		{737C3622-6DE0-471F-8188-E35972610AE5}.Release|Any CPU.ActiveCfg = Release|Any CPU
		{737C3622-6DE0-471F-8188-E35972610AE5}.Release|Any CPU.Build.0 = Release|Any CPU
		{15EE3E66-A9FF-4572-8C1A-13644398E977}.Debug|Any CPU.ActiveCfg = Debug|Any CPU
		{15EE3E66-A9FF-4572-8C1A-13644398E977}.Debug|Any CPU.Build.0 = Debug|Any CPU
		{15EE3E66-A9FF-4572-8C1A-13644398E977}.Release|Any CPU.ActiveCfg = Release|Any CPU
		{15EE3E66-A9FF-4572-8C1A-13644398E977}.Release|Any CPU.Build.0 = Release|Any CPU
		{F911E5A1-0287-458A-A512-5837C01330C0}.Debug|Any CPU.ActiveCfg = Debug|Any CPU
		{F911E5A1-0287-458A-A512-5837C01330C0}.Debug|Any CPU.Build.0 = Debug|Any CPU
		{F911E5A1-0287-458A-A512-5837C01330C0}.Release|Any CPU.ActiveCfg = Release|Any CPU
		{F911E5A1-0287-458A-A512-5837C01330C0}.Release|Any CPU.Build.0 = Release|Any CPU
		{DD78D073-E6CC-4469-9EBA-A360756343B8}.Debug|Any CPU.ActiveCfg = Debug|Any CPU
		{DD78D073-E6CC-4469-9EBA-A360756343B8}.Debug|Any CPU.Build.0 = Debug|Any CPU
		{DD78D073-E6CC-4469-9EBA-A360756343B8}.Release|Any CPU.ActiveCfg = Release|Any CPU
		{DD78D073-E6CC-4469-9EBA-A360756343B8}.Release|Any CPU.Build.0 = Release|Any CPU
	EndGlobalSection
	GlobalSection(SolutionProperties) = preSolution
		HideSolutionNode = FALSE
	EndGlobalSection
EndGlobal
