
Microsoft Visual Studio Solution File, Format Version 12.00
# Visual Studio 14
VisualStudioVersion = 14.0.25420.1
MinimumVisualStudioVersion = 10.0.40219.1
Project("{FAE04EC0-301F-11D3-BF4B-00C04F79EFBC}") = "ModelFirstApproach", "ModelFirstApproach\ModelFirstApproach.csproj", "{25875116-D1F0-415A-B5C4-B1B30738259F}"
EndProject
Project("{FAE04EC0-301F-11D3-BF4B-00C04F79EFBC}") = "ExceptionHandleError", "ExceptionHandleError\ExceptionHandleError.csproj", "{8BF7DC1A-7DFE-4013-8131-43552E33E923}"
EndProject
Project("{FAE04EC0-301F-11D3-BF4B-00C04F79EFBC}") = "ExceptionalHandler2", "ExceptionalHandler2\ExceptionalHandler2.csproj", "{86089973-CC49-4695-9806-CCF50B2B01BA}"
	ProjectSection(ProjectDependencies) = postProject
		{B7604989-4910-4AD2-880D-40780DD9F220} = {B7604989-4910-4AD2-880D-40780DD9F220}
	EndProjectSection
EndProject
Project("{FAE04EC0-301F-11D3-BF4B-00C04F79EFBC}") = "WebServiceApp", "WebServiceApp\WebServiceApp.csproj", "{B7604989-4910-4AD2-880D-40780DD9F220}"
EndProject
Project("{FAE04EC0-301F-11D3-BF4B-00C04F79EFBC}") = "DatabaseFirstApproachEx", "DatabaseFirstApproachEx\DatabaseFirstApproachEx.csproj", "{05000A92-320E-4647-B82B-3A5568F14000}"
EndProject
Project("{FAE04EC0-301F-11D3-BF4B-00C04F79EFBC}") = "CodeFirstApproachPart2", "CodeFirstApproachPart2\CodeFirstApproachPart2.csproj", "{59EF345A-69FD-4D23-BE55-88A207B5E84D}"
EndProject
Global
	GlobalSection(SolutionConfigurationPlatforms) = preSolution
		Debug|Any CPU = Debug|Any CPU
		Release|Any CPU = Release|Any CPU
	EndGlobalSection
	GlobalSection(ProjectConfigurationPlatforms) = postSolution
		{25875116-D1F0-415A-B5C4-B1B30738259F}.Debug|Any CPU.ActiveCfg = Debug|Any CPU
		{25875116-D1F0-415A-B5C4-B1B30738259F}.Debug|Any CPU.Build.0 = Debug|Any CPU
		{25875116-D1F0-415A-B5C4-B1B30738259F}.Release|Any CPU.ActiveCfg = Release|Any CPU
		{25875116-D1F0-415A-B5C4-B1B30738259F}.Release|Any CPU.Build.0 = Release|Any CPU
		{8BF7DC1A-7DFE-4013-8131-43552E33E923}.Debug|Any CPU.ActiveCfg = Debug|Any CPU
		{8BF7DC1A-7DFE-4013-8131-43552E33E923}.Debug|Any CPU.Build.0 = Debug|Any CPU
		{8BF7DC1A-7DFE-4013-8131-43552E33E923}.Release|Any CPU.ActiveCfg = Release|Any CPU
		{8BF7DC1A-7DFE-4013-8131-43552E33E923}.Release|Any CPU.Build.0 = Release|Any CPU
		{86089973-CC49-4695-9806-CCF50B2B01BA}.Debug|Any CPU.ActiveCfg = Debug|Any CPU
		{86089973-CC49-4695-9806-CCF50B2B01BA}.Debug|Any CPU.Build.0 = Debug|Any CPU
		{86089973-CC49-4695-9806-CCF50B2B01BA}.Release|Any CPU.ActiveCfg = Release|Any CPU
		{86089973-CC49-4695-9806-CCF50B2B01BA}.Release|Any CPU.Build.0 = Release|Any CPU
		{B7604989-4910-4AD2-880D-40780DD9F220}.Debug|Any CPU.ActiveCfg = Debug|Any CPU
		{B7604989-4910-4AD2-880D-40780DD9F220}.Debug|Any CPU.Build.0 = Debug|Any CPU
		{B7604989-4910-4AD2-880D-40780DD9F220}.Release|Any CPU.ActiveCfg = Release|Any CPU
		{B7604989-4910-4AD2-880D-40780DD9F220}.Release|Any CPU.Build.0 = Release|Any CPU
		{05000A92-320E-4647-B82B-3A5568F14000}.Debug|Any CPU.ActiveCfg = Debug|Any CPU
		{05000A92-320E-4647-B82B-3A5568F14000}.Debug|Any CPU.Build.0 = Debug|Any CPU
		{05000A92-320E-4647-B82B-3A5568F14000}.Release|Any CPU.ActiveCfg = Release|Any CPU
		{05000A92-320E-4647-B82B-3A5568F14000}.Release|Any CPU.Build.0 = Release|Any CPU
		{59EF345A-69FD-4D23-BE55-88A207B5E84D}.Debug|Any CPU.ActiveCfg = Debug|Any CPU
		{59EF345A-69FD-4D23-BE55-88A207B5E84D}.Debug|Any CPU.Build.0 = Debug|Any CPU
		{59EF345A-69FD-4D23-BE55-88A207B5E84D}.Release|Any CPU.ActiveCfg = Release|Any CPU
		{59EF345A-69FD-4D23-BE55-88A207B5E84D}.Release|Any CPU.Build.0 = Release|Any CPU
	EndGlobalSection
	GlobalSection(SolutionProperties) = preSolution
		HideSolutionNode = FALSE
	EndGlobalSection
EndGlobal
