
Microsoft Visual Studio Solution File, Format Version 12.00
# Visual Studio 14
VisualStudioVersion = 14.0.25420.1
MinimumVisualStudioVersion = 10.0.40219.1
Project("{FAE04EC0-301F-11D3-BF4B-00C04F79EFBC}") = "MVCProfessionals_1july2021", "MVCProfessionals_1july2021\MVCProfessionals_1july2021.csproj", "{70CE4546-1E22-46A6-937A-8663CD707200}"
EndProject
Project("{FAE04EC0-301F-11D3-BF4B-00C04F79EFBC}") = "AdoNetExample", "AdoNetExample\AdoNetExample.csproj", "{C7B1E795-9C51-4A83-ADB9-C5D6A77DD05E}"
EndProject
Project("{FAE04EC0-301F-11D3-BF4B-00C04F79EFBC}") = "DatabaseFirstApproach", "DatabaseFirstApproach\DatabaseFirstApproach.csproj", "{40089432-8501-4B7E-82D4-68C79F7D61D8}"
EndProject
Project("{FAE04EC0-301F-11D3-BF4B-00C04F79EFBC}") = "CodeFirstApproach", "CodeFirstApproach\CodeFirstApproach.csproj", "{7E83E73F-C3FF-4CFA-8E39-6FE95401EA15}"
EndProject
Global
	GlobalSection(SolutionConfigurationPlatforms) = preSolution
		Debug|Any CPU = Debug|Any CPU
		Release|Any CPU = Release|Any CPU
	EndGlobalSection
	GlobalSection(ProjectConfigurationPlatforms) = postSolution
		{70CE4546-1E22-46A6-937A-8663CD707200}.Debug|Any CPU.ActiveCfg = Debug|Any CPU
		{70CE4546-1E22-46A6-937A-8663CD707200}.Debug|Any CPU.Build.0 = Debug|Any CPU
		{70CE4546-1E22-46A6-937A-8663CD707200}.Release|Any CPU.ActiveCfg = Release|Any CPU
		{70CE4546-1E22-46A6-937A-8663CD707200}.Release|Any CPU.Build.0 = Release|Any CPU
		{C7B1E795-9C51-4A83-ADB9-C5D6A77DD05E}.Debug|Any CPU.ActiveCfg = Debug|Any CPU
		{C7B1E795-9C51-4A83-ADB9-C5D6A77DD05E}.Debug|Any CPU.Build.0 = Debug|Any CPU
		{C7B1E795-9C51-4A83-ADB9-C5D6A77DD05E}.Release|Any CPU.ActiveCfg = Release|Any CPU
		{C7B1E795-9C51-4A83-ADB9-C5D6A77DD05E}.Release|Any CPU.Build.0 = Release|Any CPU
		{40089432-8501-4B7E-82D4-68C79F7D61D8}.Debug|Any CPU.ActiveCfg = Debug|Any CPU
		{40089432-8501-4B7E-82D4-68C79F7D61D8}.Debug|Any CPU.Build.0 = Debug|Any CPU
		{40089432-8501-4B7E-82D4-68C79F7D61D8}.Release|Any CPU.ActiveCfg = Release|Any CPU
		{40089432-8501-4B7E-82D4-68C79F7D61D8}.Release|Any CPU.Build.0 = Release|Any CPU
		{7E83E73F-C3FF-4CFA-8E39-6FE95401EA15}.Debug|Any CPU.ActiveCfg = Debug|Any CPU
		{7E83E73F-C3FF-4CFA-8E39-6FE95401EA15}.Debug|Any CPU.Build.0 = Debug|Any CPU
		{7E83E73F-C3FF-4CFA-8E39-6FE95401EA15}.Release|Any CPU.ActiveCfg = Release|Any CPU
		{7E83E73F-C3FF-4CFA-8E39-6FE95401EA15}.Release|Any CPU.Build.0 = Release|Any CPU
	EndGlobalSection
	GlobalSection(SolutionProperties) = preSolution
		HideSolutionNode = FALSE
	EndGlobalSection
EndGlobal
